
Microsoft Visual Studio Solution File, Format Version 12.00
# Visual Studio Version 16
VisualStudioVersion = 16.0.29728.190
MinimumVisualStudioVersion = 10.0.40219.1
Project("{9A19103F-16F7-4668-BE54-9A1E7A4F7556}") = "Shopia.Domain", "Shopia.Domain\Shopia.Domain.csproj", "{B9D0066F-AC3D-45DF-9A78-FC4ADBBBEF69}"
EndProject
Project("{2150E333-8FDC-42A3-9474-1A3956D46DE8}") = "00-Shared", "00-Shared", "{8A42C343-8B4E-4BE1-BCC6-05EE1468B57B}"
EndProject
Project("{2150E333-8FDC-42A3-9474-1A3956D46DE8}") = "01-Domain", "01-Domain", "{B6187195-8347-4A87-8548-86D131534F1B}"
EndProject
Project("{2150E333-8FDC-42A3-9474-1A3956D46DE8}") = "02-DataAccess", "02-DataAccess", "{17293837-3C1E-4D44-B968-4F402A9B61D0}"
EndProject
Project("{2150E333-8FDC-42A3-9474-1A3956D46DE8}") = "03-Service", "03-Service", "{89ADA1BD-047E-4036-9EA5-CE345C766C85}"
EndProject
Project("{2150E333-8FDC-42A3-9474-1A3956D46DE8}") = "04-DependencyResolver", "04-DependencyResolver", "{D63B245E-44F4-4EB8-8E1E-CEF978023B86}"
EndProject
Project("{2150E333-8FDC-42A3-9474-1A3956D46DE8}") = "05-EndPoints", "05-EndPoints", "{55134684-BD76-44B9-B934-74912CD29CDC}"
EndProject
Project("{9A19103F-16F7-4668-BE54-9A1E7A4F7556}") = "Shopia.DataAccess.Ef", "Shopia.DataAccess.Ef\Shopia.DataAccess.Ef.csproj", "{66ABF85F-3C68-42FA-9E78-0F84A7F17931}"
EndProject
Project("{9A19103F-16F7-4668-BE54-9A1E7A4F7556}") = "Shopia.DataAccess.Dapper", "Shopia.DataAccess.Dapper\Shopia.DataAccess.Dapper.csproj", "{0728764D-0163-4376-A1CA-B9229690959B}"
EndProject
Project("{9A19103F-16F7-4668-BE54-9A1E7A4F7556}") = "Shopia.Service", "Shopia.Service\Shopia.Service.csproj", "{CC83A81C-5870-47D3-BB26-65E9D281CAC9}"
EndProject
Project("{9A19103F-16F7-4668-BE54-9A1E7A4F7556}") = "Shopia.DependencyResolver", "Shopia.DependencyResolver\Shopia.DependencyResolver.csproj", "{40447C40-C6D0-4711-B3C9-D60CAB250D2A}"
EndProject
Project("{9A19103F-16F7-4668-BE54-9A1E7A4F7556}") = "Shopia.Store", "Shopia.Store\Shopia.Store.csproj", "{0D7C5A1F-14F7-489E-900D-BFA463969C35}"
EndProject
Project("{9A19103F-16F7-4668-BE54-9A1E7A4F7556}") = "Shopia.Store.Api", "Shopia.Store.Api\Shopia.Store.Api.csproj", "{1609B1C9-DEE1-4F26-9666-E4D67D6D0490}"
EndProject
Project("{9A19103F-16F7-4668-BE54-9A1E7A4F7556}") = "Shopia.InfraStructure", "Shopia.InfraStructure\Shopia.InfraStructure.csproj", "{8532E0C3-CDB6-45CC-86C9-5295502E8235}"
EndProject
Project("{2150E333-8FDC-42A3-9474-1A3956D46DE8}") = "02-Crawler", "02-Crawler", "{E3731303-FAEE-4B2C-900F-F6913B203374}"
EndProject
Project("{2150E333-8FDC-42A3-9474-1A3956D46DE8}") = "02-DataAccess", "02-DataAccess", "{F139C0CA-7074-45A7-8FD2-E2B25C0A6F6D}"
EndProject
Project("{9A19103F-16F7-4668-BE54-9A1E7A4F7556}") = "Shopia.Crawler.DataAccess.Ef", "Shopia.Crawler.DataAccess.Ef\Shopia.Crawler.DataAccess.Ef.csproj", "{B1F979F4-3420-417F-8049-839FDD6749D7}"
EndProject
Project("{9A19103F-16F7-4668-BE54-9A1E7A4F7556}") = "Shopia.Crawler.DataAccess.Dapper", "Shopia.Crawler.DataAccess.Dapper\Shopia.Crawler.DataAccess.Dapper.csproj", "{8EB49FC4-92F9-4CBB-80ED-7ED6D25884A6}"
EndProject
Project("{2150E333-8FDC-42A3-9474-1A3956D46DE8}") = "03-Service", "03-Service", "{2E4FBBFB-867A-4F84-81ED-E622849CAFD5}"
EndProject
Project("{9A19103F-16F7-4668-BE54-9A1E7A4F7556}") = "Shopia.Crawler.Service", "Shopia.Crawler.Service\Shopia.Crawler.Service.csproj", "{0145D3B3-C2CE-4C1B-AFF4-7980955E1A13}"
EndProject
Project("{2150E333-8FDC-42A3-9474-1A3956D46DE8}") = "04-DependencyResolver", "04-DependencyResolver", "{1B3A2A84-2F71-42A0-815B-390F8C75AF33}"
EndProject
Project("{9A19103F-16F7-4668-BE54-9A1E7A4F7556}") = "Shopia.Crawler.DependencyResolver", "Shopia.Crawler.DependencyResolver\Shopia.Crawler.DependencyResolver.csproj", "{D80BB6A8-D596-43FB-8202-B84D989D39CC}"
EndProject
Project("{2150E333-8FDC-42A3-9474-1A3956D46DE8}") = "05-EndPoints", "05-EndPoints", "{7993ED2C-3215-417B-AA41-60E7294B4075}"
EndProject
Project("{9A19103F-16F7-4668-BE54-9A1E7A4F7556}") = "Shopia.Crawler", "Shopia.Crawler\Shopia.Crawler.csproj", "{28C6D3D6-4B3C-4D79-8FDF-AC71C5CD4AFE}"
EndProject
Project("{9A19103F-16F7-4668-BE54-9A1E7A4F7556}") = "Shopia.Api", "Shopia.Api\Shopia.Api.csproj", "{4883EE41-2463-4738-A28D-A087DCA7182F}"
EndProject
Project("{2150E333-8FDC-42A3-9474-1A3956D46DE8}") = "01-Shopia", "01-Shopia", "{EAF4B947-E3B1-4A4B-A92B-817EA847A450}"
EndProject
Project("{2150E333-8FDC-42A3-9474-1A3956D46DE8}") = "03-Notifier", "03-Notifier", "{375A224E-5014-4307-AD6A-D381350E8B64}"
EndProject
Project("{2150E333-8FDC-42A3-9474-1A3956D46DE8}") = "02-DataAccess", "02-DataAccess", "{F4DE1D4E-7AB4-4479-946E-C0CBA5F23BD2}"
EndProject
Project("{2150E333-8FDC-42A3-9474-1A3956D46DE8}") = "03-Service", "03-Service", "{50205C2B-1A23-4896-9B93-CDB4697EDBB5}"
EndProject
Project("{2150E333-8FDC-42A3-9474-1A3956D46DE8}") = "04-DependencyResolver", "04-DependencyResolver", "{899C0858-71B2-4E3A-8B74-DFF68B2A3A99}"
EndProject
Project("{2150E333-8FDC-42A3-9474-1A3956D46DE8}") = "05-EndPoints", "05-EndPoints", "{ADE1DC01-73DD-4E7E-A535-578F9D512CDF}"
EndProject
Project("{9A19103F-16F7-4668-BE54-9A1E7A4F7556}") = "Shopia.Notifier.DataAccess.Ef", "Shopia.Notifier.DataAccess.Ef\Shopia.Notifier.DataAccess.Ef.csproj", "{1568F77A-1B96-49EA-B58D-814230D700B7}"
EndProject
Project("{FAE04EC0-301F-11D3-BF4B-00C04F79EFBC}") = "Shopia.Notifier.DataAccess.Dapper", "Shopia.Notifier.DataAccess.Dapper\Shopia.Notifier.DataAccess.Dapper.csproj", "{B5600AFC-EFF2-42A8-A222-5B7F54E929F2}"
EndProject
Project("{FAE04EC0-301F-11D3-BF4B-00C04F79EFBC}") = "Shopia.Notifier.Service", "Shopia.Notifier.Service\Shopia.Notifier.Service.csproj", "{D68B0DDA-09B2-4919-A860-F12A735E819D}"
EndProject
Project("{FAE04EC0-301F-11D3-BF4B-00C04F79EFBC}") = "Shopia.Notifier.DependencyResolver", "Shopia.Notifier.DependencyResolver\Shopia.Notifier.DependencyResolver.csproj", "{42FD447D-9C48-4F63-AF1D-400F9C1B90F9}"
EndProject
Project("{FAE04EC0-301F-11D3-BF4B-00C04F79EFBC}") = "Shopia.Notifier", "Shopia.Notifier\Shopia.Notifier.csproj", "{81D0104E-B8D3-41E3-9F7B-2C5A14628816}"
EndProject
Global
	GlobalSection(SolutionConfigurationPlatforms) = preSolution
		Debug|Any CPU = Debug|Any CPU
		Release|Any CPU = Release|Any CPU
	EndGlobalSection
	GlobalSection(ProjectConfigurationPlatforms) = postSolution
		{B9D0066F-AC3D-45DF-9A78-FC4ADBBBEF69}.Debug|Any CPU.ActiveCfg = Debug|Any CPU
		{B9D0066F-AC3D-45DF-9A78-FC4ADBBBEF69}.Debug|Any CPU.Build.0 = Debug|Any CPU
		{B9D0066F-AC3D-45DF-9A78-FC4ADBBBEF69}.Release|Any CPU.ActiveCfg = Release|Any CPU
		{B9D0066F-AC3D-45DF-9A78-FC4ADBBBEF69}.Release|Any CPU.Build.0 = Release|Any CPU
		{66ABF85F-3C68-42FA-9E78-0F84A7F17931}.Debug|Any CPU.ActiveCfg = Debug|Any CPU
		{66ABF85F-3C68-42FA-9E78-0F84A7F17931}.Debug|Any CPU.Build.0 = Debug|Any CPU
		{66ABF85F-3C68-42FA-9E78-0F84A7F17931}.Release|Any CPU.ActiveCfg = Release|Any CPU
		{66ABF85F-3C68-42FA-9E78-0F84A7F17931}.Release|Any CPU.Build.0 = Release|Any CPU
		{0728764D-0163-4376-A1CA-B9229690959B}.Debug|Any CPU.ActiveCfg = Debug|Any CPU
		{0728764D-0163-4376-A1CA-B9229690959B}.Debug|Any CPU.Build.0 = Debug|Any CPU
		{0728764D-0163-4376-A1CA-B9229690959B}.Release|Any CPU.ActiveCfg = Release|Any CPU
		{0728764D-0163-4376-A1CA-B9229690959B}.Release|Any CPU.Build.0 = Release|Any CPU
		{CC83A81C-5870-47D3-BB26-65E9D281CAC9}.Debug|Any CPU.ActiveCfg = Debug|Any CPU
		{CC83A81C-5870-47D3-BB26-65E9D281CAC9}.Debug|Any CPU.Build.0 = Debug|Any CPU
		{CC83A81C-5870-47D3-BB26-65E9D281CAC9}.Release|Any CPU.ActiveCfg = Release|Any CPU
		{CC83A81C-5870-47D3-BB26-65E9D281CAC9}.Release|Any CPU.Build.0 = Release|Any CPU
		{40447C40-C6D0-4711-B3C9-D60CAB250D2A}.Debug|Any CPU.ActiveCfg = Debug|Any CPU
		{40447C40-C6D0-4711-B3C9-D60CAB250D2A}.Debug|Any CPU.Build.0 = Debug|Any CPU
		{40447C40-C6D0-4711-B3C9-D60CAB250D2A}.Release|Any CPU.ActiveCfg = Release|Any CPU
		{40447C40-C6D0-4711-B3C9-D60CAB250D2A}.Release|Any CPU.Build.0 = Release|Any CPU
		{0D7C5A1F-14F7-489E-900D-BFA463969C35}.Debug|Any CPU.ActiveCfg = Debug|Any CPU
		{0D7C5A1F-14F7-489E-900D-BFA463969C35}.Debug|Any CPU.Build.0 = Debug|Any CPU
		{0D7C5A1F-14F7-489E-900D-BFA463969C35}.Release|Any CPU.ActiveCfg = Release|Any CPU
		{0D7C5A1F-14F7-489E-900D-BFA463969C35}.Release|Any CPU.Build.0 = Release|Any CPU
		{1609B1C9-DEE1-4F26-9666-E4D67D6D0490}.Debug|Any CPU.ActiveCfg = Debug|Any CPU
		{1609B1C9-DEE1-4F26-9666-E4D67D6D0490}.Debug|Any CPU.Build.0 = Debug|Any CPU
		{1609B1C9-DEE1-4F26-9666-E4D67D6D0490}.Release|Any CPU.ActiveCfg = Release|Any CPU
		{1609B1C9-DEE1-4F26-9666-E4D67D6D0490}.Release|Any CPU.Build.0 = Release|Any CPU
		{8532E0C3-CDB6-45CC-86C9-5295502E8235}.Debug|Any CPU.ActiveCfg = Debug|Any CPU
		{8532E0C3-CDB6-45CC-86C9-5295502E8235}.Debug|Any CPU.Build.0 = Debug|Any CPU
		{8532E0C3-CDB6-45CC-86C9-5295502E8235}.Release|Any CPU.ActiveCfg = Release|Any CPU
		{8532E0C3-CDB6-45CC-86C9-5295502E8235}.Release|Any CPU.Build.0 = Release|Any CPU
		{B1F979F4-3420-417F-8049-839FDD6749D7}.Debug|Any CPU.ActiveCfg = Debug|Any CPU
		{B1F979F4-3420-417F-8049-839FDD6749D7}.Debug|Any CPU.Build.0 = Debug|Any CPU
		{B1F979F4-3420-417F-8049-839FDD6749D7}.Release|Any CPU.ActiveCfg = Release|Any CPU
		{B1F979F4-3420-417F-8049-839FDD6749D7}.Release|Any CPU.Build.0 = Release|Any CPU
		{8EB49FC4-92F9-4CBB-80ED-7ED6D25884A6}.Debug|Any CPU.ActiveCfg = Debug|Any CPU
		{8EB49FC4-92F9-4CBB-80ED-7ED6D25884A6}.Debug|Any CPU.Build.0 = Debug|Any CPU
		{8EB49FC4-92F9-4CBB-80ED-7ED6D25884A6}.Release|Any CPU.ActiveCfg = Release|Any CPU
		{8EB49FC4-92F9-4CBB-80ED-7ED6D25884A6}.Release|Any CPU.Build.0 = Release|Any CPU
		{0145D3B3-C2CE-4C1B-AFF4-7980955E1A13}.Debug|Any CPU.ActiveCfg = Debug|Any CPU
		{0145D3B3-C2CE-4C1B-AFF4-7980955E1A13}.Debug|Any CPU.Build.0 = Debug|Any CPU
		{0145D3B3-C2CE-4C1B-AFF4-7980955E1A13}.Release|Any CPU.ActiveCfg = Release|Any CPU
		{0145D3B3-C2CE-4C1B-AFF4-7980955E1A13}.Release|Any CPU.Build.0 = Release|Any CPU
		{D80BB6A8-D596-43FB-8202-B84D989D39CC}.Debug|Any CPU.ActiveCfg = Debug|Any CPU
		{D80BB6A8-D596-43FB-8202-B84D989D39CC}.Debug|Any CPU.Build.0 = Debug|Any CPU
		{D80BB6A8-D596-43FB-8202-B84D989D39CC}.Release|Any CPU.ActiveCfg = Release|Any CPU
		{D80BB6A8-D596-43FB-8202-B84D989D39CC}.Release|Any CPU.Build.0 = Release|Any CPU
		{28C6D3D6-4B3C-4D79-8FDF-AC71C5CD4AFE}.Debug|Any CPU.ActiveCfg = Debug|Any CPU
		{28C6D3D6-4B3C-4D79-8FDF-AC71C5CD4AFE}.Debug|Any CPU.Build.0 = Debug|Any CPU
		{28C6D3D6-4B3C-4D79-8FDF-AC71C5CD4AFE}.Release|Any CPU.ActiveCfg = Release|Any CPU
		{28C6D3D6-4B3C-4D79-8FDF-AC71C5CD4AFE}.Release|Any CPU.Build.0 = Release|Any CPU
		{4883EE41-2463-4738-A28D-A087DCA7182F}.Debug|Any CPU.ActiveCfg = Debug|Any CPU
		{4883EE41-2463-4738-A28D-A087DCA7182F}.Debug|Any CPU.Build.0 = Debug|Any CPU
		{4883EE41-2463-4738-A28D-A087DCA7182F}.Release|Any CPU.ActiveCfg = Release|Any CPU
		{4883EE41-2463-4738-A28D-A087DCA7182F}.Release|Any CPU.Build.0 = Release|Any CPU
		{1568F77A-1B96-49EA-B58D-814230D700B7}.Debug|Any CPU.ActiveCfg = Debug|Any CPU
		{1568F77A-1B96-49EA-B58D-814230D700B7}.Debug|Any CPU.Build.0 = Debug|Any CPU
		{1568F77A-1B96-49EA-B58D-814230D700B7}.Release|Any CPU.ActiveCfg = Release|Any CPU
		{1568F77A-1B96-49EA-B58D-814230D700B7}.Release|Any CPU.Build.0 = Release|Any CPU
		{B5600AFC-EFF2-42A8-A222-5B7F54E929F2}.Debug|Any CPU.ActiveCfg = Debug|Any CPU
		{B5600AFC-EFF2-42A8-A222-5B7F54E929F2}.Debug|Any CPU.Build.0 = Debug|Any CPU
		{B5600AFC-EFF2-42A8-A222-5B7F54E929F2}.Release|Any CPU.ActiveCfg = Release|Any CPU
		{B5600AFC-EFF2-42A8-A222-5B7F54E929F2}.Release|Any CPU.Build.0 = Release|Any CPU
		{D68B0DDA-09B2-4919-A860-F12A735E819D}.Debug|Any CPU.ActiveCfg = Debug|Any CPU
		{D68B0DDA-09B2-4919-A860-F12A735E819D}.Debug|Any CPU.Build.0 = Debug|Any CPU
		{D68B0DDA-09B2-4919-A860-F12A735E819D}.Release|Any CPU.ActiveCfg = Release|Any CPU
		{D68B0DDA-09B2-4919-A860-F12A735E819D}.Release|Any CPU.Build.0 = Release|Any CPU
		{42FD447D-9C48-4F63-AF1D-400F9C1B90F9}.Debug|Any CPU.ActiveCfg = Debug|Any CPU
		{42FD447D-9C48-4F63-AF1D-400F9C1B90F9}.Debug|Any CPU.Build.0 = Debug|Any CPU
		{42FD447D-9C48-4F63-AF1D-400F9C1B90F9}.Release|Any CPU.ActiveCfg = Release|Any CPU
		{42FD447D-9C48-4F63-AF1D-400F9C1B90F9}.Release|Any CPU.Build.0 = Release|Any CPU
		{81D0104E-B8D3-41E3-9F7B-2C5A14628816}.Debug|Any CPU.ActiveCfg = Debug|Any CPU
		{81D0104E-B8D3-41E3-9F7B-2C5A14628816}.Debug|Any CPU.Build.0 = Debug|Any CPU
		{81D0104E-B8D3-41E3-9F7B-2C5A14628816}.Release|Any CPU.ActiveCfg = Release|Any CPU
		{81D0104E-B8D3-41E3-9F7B-2C5A14628816}.Release|Any CPU.Build.0 = Release|Any CPU
	EndGlobalSection
	GlobalSection(SolutionProperties) = preSolution
		HideSolutionNode = FALSE
	EndGlobalSection
	GlobalSection(NestedProjects) = preSolution
		{B9D0066F-AC3D-45DF-9A78-FC4ADBBBEF69} = {B6187195-8347-4A87-8548-86D131534F1B}
		{B6187195-8347-4A87-8548-86D131534F1B} = {EAF4B947-E3B1-4A4B-A92B-817EA847A450}
		{17293837-3C1E-4D44-B968-4F402A9B61D0} = {EAF4B947-E3B1-4A4B-A92B-817EA847A450}
		{89ADA1BD-047E-4036-9EA5-CE345C766C85} = {EAF4B947-E3B1-4A4B-A92B-817EA847A450}
		{D63B245E-44F4-4EB8-8E1E-CEF978023B86} = {EAF4B947-E3B1-4A4B-A92B-817EA847A450}
		{55134684-BD76-44B9-B934-74912CD29CDC} = {EAF4B947-E3B1-4A4B-A92B-817EA847A450}
		{66ABF85F-3C68-42FA-9E78-0F84A7F17931} = {17293837-3C1E-4D44-B968-4F402A9B61D0}
		{0728764D-0163-4376-A1CA-B9229690959B} = {17293837-3C1E-4D44-B968-4F402A9B61D0}
		{CC83A81C-5870-47D3-BB26-65E9D281CAC9} = {89ADA1BD-047E-4036-9EA5-CE345C766C85}
		{40447C40-C6D0-4711-B3C9-D60CAB250D2A} = {D63B245E-44F4-4EB8-8E1E-CEF978023B86}
		{0D7C5A1F-14F7-489E-900D-BFA463969C35} = {55134684-BD76-44B9-B934-74912CD29CDC}
		{1609B1C9-DEE1-4F26-9666-E4D67D6D0490} = {55134684-BD76-44B9-B934-74912CD29CDC}
		{8532E0C3-CDB6-45CC-86C9-5295502E8235} = {8A42C343-8B4E-4BE1-BCC6-05EE1468B57B}
		{F139C0CA-7074-45A7-8FD2-E2B25C0A6F6D} = {E3731303-FAEE-4B2C-900F-F6913B203374}
		{B1F979F4-3420-417F-8049-839FDD6749D7} = {F139C0CA-7074-45A7-8FD2-E2B25C0A6F6D}
		{8EB49FC4-92F9-4CBB-80ED-7ED6D25884A6} = {F139C0CA-7074-45A7-8FD2-E2B25C0A6F6D}
		{2E4FBBFB-867A-4F84-81ED-E622849CAFD5} = {E3731303-FAEE-4B2C-900F-F6913B203374}
		{0145D3B3-C2CE-4C1B-AFF4-7980955E1A13} = {2E4FBBFB-867A-4F84-81ED-E622849CAFD5}
		{1B3A2A84-2F71-42A0-815B-390F8C75AF33} = {E3731303-FAEE-4B2C-900F-F6913B203374}
		{D80BB6A8-D596-43FB-8202-B84D989D39CC} = {1B3A2A84-2F71-42A0-815B-390F8C75AF33}
		{7993ED2C-3215-417B-AA41-60E7294B4075} = {E3731303-FAEE-4B2C-900F-F6913B203374}
		{28C6D3D6-4B3C-4D79-8FDF-AC71C5CD4AFE} = {7993ED2C-3215-417B-AA41-60E7294B4075}
		{4883EE41-2463-4738-A28D-A087DCA7182F} = {55134684-BD76-44B9-B934-74912CD29CDC}
		{F4DE1D4E-7AB4-4479-946E-C0CBA5F23BD2} = {375A224E-5014-4307-AD6A-D381350E8B64}
		{50205C2B-1A23-4896-9B93-CDB4697EDBB5} = {375A224E-5014-4307-AD6A-D381350E8B64}
		{899C0858-71B2-4E3A-8B74-DFF68B2A3A99} = {375A224E-5014-4307-AD6A-D381350E8B64}
		{ADE1DC01-73DD-4E7E-A535-578F9D512CDF} = {375A224E-5014-4307-AD6A-D381350E8B64}
		{1568F77A-1B96-49EA-B58D-814230D700B7} = {F4DE1D4E-7AB4-4479-946E-C0CBA5F23BD2}
		{B5600AFC-EFF2-42A8-A222-5B7F54E929F2} = {F4DE1D4E-7AB4-4479-946E-C0CBA5F23BD2}
		{D68B0DDA-09B2-4919-A860-F12A735E819D} = {50205C2B-1A23-4896-9B93-CDB4697EDBB5}
		{42FD447D-9C48-4F63-AF1D-400F9C1B90F9} = {899C0858-71B2-4E3A-8B74-DFF68B2A3A99}
		{81D0104E-B8D3-41E3-9F7B-2C5A14628816} = {ADE1DC01-73DD-4E7E-A535-578F9D512CDF}
	EndGlobalSection
	GlobalSection(ExtensibilityGlobals) = postSolution
		SolutionGuid = {DAC9AD0E-6385-4BB3-9EC8-86B29B93AA55}
	EndGlobalSection
EndGlobal
